
Microsoft Visual Studio Solution File, Format Version 12.00
# Visual Studio Version 17
VisualStudioVersion = 17.9.34723.18
MinimumVisualStudioVersion = 10.0.40219.1
Project("{FAE04EC0-301F-11D3-BF4B-00C04F79EFBC}") = "Task01", "Task01\Task01.csproj", "{526E7554-959E-4C7F-AE2C-BDD266F0B768}"
EndProject
Project("{FAE04EC0-301F-11D3-BF4B-00C04F79EFBC}") = "ModelsTask01", "Models\ModelsTask01.csproj", "{942A7A27-1B35-436F-A13F-85DCB4E3B63E}"
EndProject
Project("{FAE04EC0-301F-11D3-BF4B-00C04F79EFBC}") = "Task02", "Task02\Task02.csproj", "{DACAB9B2-3ED1-492A-A6D3-517BE0DF8B4C}"
EndProject
Global
	GlobalSection(SolutionConfigurationPlatforms) = preSolution
		Debug|Any CPU = Debug|Any CPU
		Release|Any CPU = Release|Any CPU
	EndGlobalSection
	GlobalSection(ProjectConfigurationPlatforms) = postSolution
		{526E7554-959E-4C7F-AE2C-BDD266F0B768}.Debug|Any CPU.ActiveCfg = Debug|Any CPU
		{526E7554-959E-4C7F-AE2C-BDD266F0B768}.Debug|Any CPU.Build.0 = Debug|Any CPU
		{526E7554-959E-4C7F-AE2C-BDD266F0B768}.Release|Any CPU.ActiveCfg = Release|Any CPU
		{526E7554-959E-4C7F-AE2C-BDD266F0B768}.Release|Any CPU.Build.0 = Release|Any CPU
		{942A7A27-1B35-436F-A13F-85DCB4E3B63E}.Debug|Any CPU.ActiveCfg = Debug|Any CPU
		{942A7A27-1B35-436F-A13F-85DCB4E3B63E}.Debug|Any CPU.Build.0 = Debug|Any CPU
		{942A7A27-1B35-436F-A13F-85DCB4E3B63E}.Release|Any CPU.ActiveCfg = Release|Any CPU
		{942A7A27-1B35-436F-A13F-85DCB4E3B63E}.Release|Any CPU.Build.0 = Release|Any CPU
		{DACAB9B2-3ED1-492A-A6D3-517BE0DF8B4C}.Debug|Any CPU.ActiveCfg = Debug|Any CPU
		{DACAB9B2-3ED1-492A-A6D3-517BE0DF8B4C}.Debug|Any CPU.Build.0 = Debug|Any CPU
		{DACAB9B2-3ED1-492A-A6D3-517BE0DF8B4C}.Release|Any CPU.ActiveCfg = Release|Any CPU
		{DACAB9B2-3ED1-492A-A6D3-517BE0DF8B4C}.Release|Any CPU.Build.0 = Release|Any CPU
	EndGlobalSection
	GlobalSection(SolutionProperties) = preSolution
		HideSolutionNode = FALSE
	EndGlobalSection
	GlobalSection(ExtensibilityGlobals) = postSolution
		SolutionGuid = {2DC10810-6D98-4233-BE10-F27B9BD00AAC}
	EndGlobalSection
EndGlobal
