
Microsoft Visual Studio Solution File, Format Version 12.00
# Visual Studio Version 17
VisualStudioVersion = 17.9.34723.18
MinimumVisualStudioVersion = 10.0.40219.1
Project("{FAE04EC0-301F-11D3-BF4B-00C04F79EFBC}") = "Task01", "Task01\Task01.csproj", "{B334922B-9FA1-43CF-A852-C36E967F8A5A}"
EndProject
Project("{FAE04EC0-301F-11D3-BF4B-00C04F79EFBC}") = "Task02", "Task02\Task02.csproj", "{9BA3F58B-893E-457C-9EA0-DEA052293DDC}"
EndProject
Global
	GlobalSection(SolutionConfigurationPlatforms) = preSolution
		Debug|Any CPU = Debug|Any CPU
		Release|Any CPU = Release|Any CPU
	EndGlobalSection
	GlobalSection(ProjectConfigurationPlatforms) = postSolution
		{B334922B-9FA1-43CF-A852-C36E967F8A5A}.Debug|Any CPU.ActiveCfg = Debug|Any CPU
		{B334922B-9FA1-43CF-A852-C36E967F8A5A}.Debug|Any CPU.Build.0 = Debug|Any CPU
		{B334922B-9FA1-43CF-A852-C36E967F8A5A}.Release|Any CPU.ActiveCfg = Release|Any CPU
		{B334922B-9FA1-43CF-A852-C36E967F8A5A}.Release|Any CPU.Build.0 = Release|Any CPU
		{9BA3F58B-893E-457C-9EA0-DEA052293DDC}.Debug|Any CPU.ActiveCfg = Debug|Any CPU
		{9BA3F58B-893E-457C-9EA0-DEA052293DDC}.Debug|Any CPU.Build.0 = Debug|Any CPU
		{9BA3F58B-893E-457C-9EA0-DEA052293DDC}.Release|Any CPU.ActiveCfg = Release|Any CPU
		{9BA3F58B-893E-457C-9EA0-DEA052293DDC}.Release|Any CPU.Build.0 = Release|Any CPU
	EndGlobalSection
	GlobalSection(SolutionProperties) = preSolution
		HideSolutionNode = FALSE
	EndGlobalSection
	GlobalSection(ExtensibilityGlobals) = postSolution
		SolutionGuid = {78A48C93-843E-4B74-BDCB-15E8F55072A8}
	EndGlobalSection
EndGlobal
